{
  "name": "xy-flow",
  "version": "0.0.0",
  "lockfileVersion": 2,
  "requires": true,
  "packages": {
    "": {
      "name": "xy-flow",
      "version": "0.0.0",
      "license": "ISC",
      "workspaces": [
        "packages/*"
      ]
    },
    "node_modules/@xy-flow/core": {
      "resolved": "packages/core",
      "link": true
    },
    "node_modules/@xy-flow/utils": {
      "resolved": "packages/utils",
      "link": true
    },
    "packages/core": {
      "name": "@xy-flow/core",
      "version": "0.0.3",
      "license": "ISC"
    },
    "packages/utils": {
      "name": "@xy-flow/utils",
      "version": "0.0.3",
      "license": "ISC"
    }
  },
  "dependencies": {
    "@xy-flow/core": {
      "version": "file:packages/core"
    },
    "@xy-flow/utils": {
      "version": "file:packages/utils"
    }
  }
}
